
Microsoft Visual Studio Solution File, Format Version 12.00
# Visual Studio Version 16
VisualStudioVersion = 16.0.32126.315
MinimumVisualStudioVersion = 10.0.40219.1
Project("{FAE04EC0-301F-11D3-BF4B-00C04F79EFBC}") = "MvcTutorial", "MVCTutorial\MvcTutorial.csproj", "{1EDAC026-7421-4888-81FC-2F62F6A85707}"
EndProject
Global
	GlobalSection(SolutionConfigurationPlatforms) = preSolution
		Debug|Any CPU = Debug|Any CPU
		Release|Any CPU = Release|Any CPU
	EndGlobalSection
	GlobalSection(ProjectConfigurationPlatforms) = postSolution
		{1EDAC026-7421-4888-81FC-2F62F6A85707}.Debug|Any CPU.ActiveCfg = Debug|Any CPU
		{1EDAC026-7421-4888-81FC-2F62F6A85707}.Debug|Any CPU.Build.0 = Debug|Any CPU
		{1EDAC026-7421-4888-81FC-2F62F6A85707}.Release|Any CPU.ActiveCfg = Release|Any CPU
		{1EDAC026-7421-4888-81FC-2F62F6A85707}.Release|Any CPU.Build.0 = Release|Any CPU
	EndGlobalSection
	GlobalSection(SolutionProperties) = preSolution
		HideSolutionNode = FALSE
	EndGlobalSection
	GlobalSection(ExtensibilityGlobals) = postSolution
		SolutionGuid = {24C47013-1966-4AAC-82BE-957690854F40}
	EndGlobalSection
EndGlobal
